// !$*UTF8*$!
{
	archiveVersion = 1;
	classes = {
	};
	objectVersion = 46;
	objects = {

/* Begin PBXBuildFile section */
		50D22CF61CFBD9B80090EE8E /* AppDelegate.swift in Sources */ = {isa = PBXBuildFile; fileRef = 50D22CF51CFBD9B80090EE8E /* AppDelegate.swift */; };
		50D22CF81CFBD9B80090EE8E /* ViewController.swift in Sources */ = {isa = PBXBuildFile; fileRef = 50D22CF71CFBD9B80090EE8E /* ViewController.swift */; };
		50D22CFB1CFBD9B80090EE8E /* Main.storyboard in Resources */ = {isa = PBXBuildFile; fileRef = 50D22CF91CFBD9B80090EE8E /* Main.storyboard */; };
		50D22CFD1CFBD9B80090EE8E /* Assets.xcassets in Resources */ = {isa = PBXBuildFile; fileRef = 50D22CFC1CFBD9B80090EE8E /* Assets.xcassets */; };
		50D22D001CFBD9B80090EE8E /* LaunchScreen.storyboard in Resources */ = {isa = PBXBuildFile; fileRef = 50D22CFE1CFBD9B80090EE8E /* LaunchScreen.storyboard */; };
		50D22D0B1CFBD9B80090EE8E /* PizzaPhoneTests.swift in Sources */ = {isa = PBXBuildFile; fileRef = 50D22D0A1CFBD9B80090EE8E /* PizzaPhoneTests.swift */; };
		50D22D161CFBD9B80090EE8E /* PizzaPhoneUITests.swift in Sources */ = {isa = PBXBuildFile; fileRef = 50D22D151CFBD9B80090EE8E /* PizzaPhoneUITests.swift */; };
/* End PBXBuildFile section */

/* Begin PBXContainerItemProxy section */
		50D22D071CFBD9B80090EE8E /* PBXContainerItemProxy */ = {
			isa = PBXContainerItemProxy;
			containerPortal = 50D22CEA1CFBD9B80090EE8E /* Project object */;
			proxyType = 1;
			remoteGlobalIDString = 50D22CF11CFBD9B80090EE8E;
			remoteInfo = PizzaPhone;
		};
		50D22D121CFBD9B80090EE8E /* PBXContainerItemProxy */ = {
			isa = PBXContainerItemProxy;
			containerPortal = 50D22CEA1CFBD9B80090EE8E /* Project object */;
			proxyType = 1;
			remoteGlobalIDString = 50D22CF11CFBD9B80090EE8E;
			remoteInfo = PizzaPhone;
		};
/* End PBXContainerItemProxy section */

/* Begin PBXFileReference section */
		50D22CF21CFBD9B80090EE8E /* PizzaPhone.app */ = {isa = PBXFileReference; explicitFileType = wrapper.application; includeInIndex = 0; path = PizzaPhone.app; sourceTree = BUILT_PRODUCTS_DIR; };
		50D22CF51CFBD9B80090EE8E /* AppDelegate.swift */ = {isa = PBXFileReference; lastKnownFileType = sourcecode.swift; path = AppDelegate.swift; sourceTree = "<group>"; };
		50D22CF71CFBD9B80090EE8E /* ViewController.swift */ = {isa = PBXFileReference; lastKnownFileType = sourcecode.swift; path = ViewController.swift; sourceTree = "<group>"; };
		50D22CFA1CFBD9B80090EE8E /* Base */ = {isa = PBXFileReference; lastKnownFileType = file.storyboard; name = Base; path = Base.lproj/Main.storyboard; sourceTree = "<group>"; };
		50D22CFC1CFBD9B80090EE8E /* Assets.xcassets */ = {isa = PBXFileReference; lastKnownFileType = folder.assetcatalog; path = Assets.xcassets; sourceTree = "<group>"; };
		50D22CFF1CFBD9B80090EE8E /* Base */ = {isa = PBXFileReference; lastKnownFileType = file.storyboard; name = Base; path = Base.lproj/LaunchScreen.storyboard; sourceTree = "<group>"; };
		50D22D011CFBD9B80090EE8E /* Info.plist */ = {isa = PBXFileReference; lastKnownFileType = text.plist.xml; path = Info.plist; sourceTree = "<group>"; };
		50D22D061CFBD9B80090EE8E /* PizzaPhoneTests.xctest */ = {isa = PBXFileReference; explicitFileType = wrapper.cfbundle; includeInIndex = 0; path = PizzaPhoneTests.xctest; sourceTree = BUILT_PRODUCTS_DIR; };
		50D22D0A1CFBD9B80090EE8E /* PizzaPhoneTests.swift */ = {isa = PBXFileReference; lastKnownFileType = sourcecode.swift; path = PizzaPhoneTests.swift; sourceTree = "<group>"; };
		50D22D0C1CFBD9B80090EE8E /* Info.plist */ = {isa = PBXFileReference; lastKnownFileType = text.plist.xml; path = Info.plist; sourceTree = "<group>"; };
		50D22D111CFBD9B80090EE8E /* PizzaPhoneUITests.xctest */ = {isa = PBXFileReference; explicitFileType = wrapper.cfbundle; includeInIndex = 0; path = PizzaPhoneUITests.xctest; sourceTree = BUILT_PRODUCTS_DIR; };
		50D22D151CFBD9B80090EE8E /* PizzaPhoneUITests.swift */ = {isa = PBXFileReference; lastKnownFileType = sourcecode.swift; path = PizzaPhoneUITests.swift; sourceTree = "<group>"; };
		50D22D171CFBD9B80090EE8E /* Info.plist */ = {isa = PBXFileReference; lastKnownFileType = text.plist.xml; path = Info.plist; sourceTree = "<group>"; };
/* End PBXFileReference section */

/* Begin PBXFrameworksBuildPhase section */
		50D22CEF1CFBD9B80090EE8E /* Frameworks */ = {
			isa = PBXFrameworksBuildPhase;
			buildActionMask = 2147483647;
			files = (
			);
			runOnlyForDeploymentPostprocessing = 0;
		};
		50D22D031CFBD9B80090EE8E /* Frameworks */ = {
			isa = PBXFrameworksBuildPhase;
			buildActionMask = 2147483647;
			files = (
			);
			runOnlyForDeploymentPostprocessing = 0;
		};
		50D22D0E1CFBD9B80090EE8E /* Frameworks */ = {
			isa = PBXFrameworksBuildPhase;
			buildActionMask = 2147483647;
			files = (
			);
			runOnlyForDeploymentPostprocessing = 0;
		};
/* End PBXFrameworksBuildPhase section */

/* Begin PBXGroup section */
		50D22CE91CFBD9B80090EE8E = {
			isa = PBXGroup;
			children = (
				50D22CF41CFBD9B80090EE8E /* PizzaPhone */,
				50D22D091CFBD9B80090EE8E /* PizzaPhoneTests */,
				50D22D141CFBD9B80090EE8E /* PizzaPhoneUITests */,
				50D22CF31CFBD9B80090EE8E /* Products */,
			);
			sourceTree = "<group>";
		};
		50D22CF31CFBD9B80090EE8E /* Products */ = {
			isa = PBXGroup;
			children = (
				50D22CF21CFBD9B80090EE8E /* PizzaPhone.app */,
				50D22D061CFBD9B80090EE8E /* PizzaPhoneTests.xctest */,
				50D22D111CFBD9B80090EE8E /* PizzaPhoneUITests.xctest */,
			);
			name = Products;
			sourceTree = "<group>";
		};
		50D22CF41CFBD9B80090EE8E /* PizzaPhone */ = {
			isa = PBXGroup;
			children = (
				50D22CF51CFBD9B80090EE8E /* AppDelegate.swift */,
				50D22CF71CFBD9B80090EE8E /* ViewController.swift */,
				50D22CF91CFBD9B80090EE8E /* Main.storyboard */,
				50D22CFC1CFBD9B80090EE8E /* Assets.xcassets */,
				50D22CFE1CFBD9B80090EE8E /* LaunchScreen.storyboard */,
				50D22D011CFBD9B80090EE8E /* Info.plist */,
			);
			path = PizzaPhone;
			sourceTree = "<group>";
		};
		50D22D091CFBD9B80090EE8E /* PizzaPhoneTests */ = {
			isa = PBXGroup;
			children = (
				50D22D0A1CFBD9B80090EE8E /* PizzaPhoneTests.swift */,
				50D22D0C1CFBD9B80090EE8E /* Info.plist */,
			);
			path = PizzaPhoneTests;
			sourceTree = "<group>";
		};
		50D22D141CFBD9B80090EE8E /* PizzaPhoneUITests */ = {
			isa = PBXGroup;
			children = (
				50D22D151CFBD9B80090EE8E /* PizzaPhoneUITests.swift */,
				50D22D171CFBD9B80090EE8E /* Info.plist */,
			);
			path = PizzaPhoneUITests;
			sourceTree = "<group>";
		};
/* End PBXGroup section */

/* Begin PBXNativeTarget section */
		50D22CF11CFBD9B80090EE8E /* PizzaPhone */ = {
			isa = PBXNativeTarget;
			buildConfigurationList = 50D22D1A1CFBD9B80090EE8E /* Build configuration list for PBXNativeTarget "PizzaPhone" */;
			buildPhases = (
				50D22CEE1CFBD9B80090EE8E /* Sources */,
				50D22CEF1CFBD9B80090EE8E /* Frameworks */,
				50D22CF01CFBD9B80090EE8E /* Resources */,
			);
			buildRules = (
			);
			dependencies = (
			);
			name = PizzaPhone;
			productName = PizzaPhone;
			productReference = 50D22CF21CFBD9B80090EE8E /* PizzaPhone.app */;
			productType = "com.apple.product-type.application";
		};
		50D22D051CFBD9B80090EE8E /* PizzaPhoneTests */ = {
			isa = PBXNativeTarget;
			buildConfigurationList = 50D22D1D1CFBD9B80090EE8E /* Build configuration list for PBXNativeTarget "PizzaPhoneTests" */;
			buildPhases = (
				50D22D021CFBD9B80090EE8E /* Sources */,
				50D22D031CFBD9B80090EE8E /* Frameworks */,
				50D22D041CFBD9B80090EE8E /* Resources */,
			);
			buildRules = (
			);
			dependencies = (
				50D22D081CFBD9B80090EE8E /* PBXTargetDependency */,
			);
			name = PizzaPhoneTests;
			productName = PizzaPhoneTests;
			productReference = 50D22D061CFBD9B80090EE8E /* PizzaPhoneTests.xctest */;
			productType = "com.apple.product-type.bundle.unit-test";
		};
		50D22D101CFBD9B80090EE8E /* PizzaPhoneUITests */ = {
			isa = PBXNativeTarget;
			buildConfigurationList = 50D22D201CFBD9B80090EE8E /* Build configuration list for PBXNativeTarget "PizzaPhoneUITests" */;
			buildPhases = (
				50D22D0D1CFBD9B80090EE8E /* Sources */,
				50D22D0E1CFBD9B80090EE8E /* Frameworks */,
				50D22D0F1CFBD9B80090EE8E /* Resources */,
			);
			buildRules = (
			);
			dependencies = (
				50D22D131CFBD9B80090EE8E /* PBXTargetDependency */,
			);
			name = PizzaPhoneUITests;
			productName = PizzaPhoneUITests;
			productReference = 50D22D111CFBD9B80090EE8E /* PizzaPhoneUITests.xctest */;
			productType = "com.apple.product-type.bundle.ui-testing";
		};
/* End PBXNativeTarget section */

/* Begin PBXProject section */
		50D22CEA1CFBD9B80090EE8E /* Project object */ = {
			isa = PBXProject;
			attributes = {
				LastSwiftUpdateCheck = 0720;
				LastUpgradeCheck = 0720;
				ORGANIZATIONNAME = adm;
				TargetAttributes = {
					50D22CF11CFBD9B80090EE8E = {
						CreatedOnToolsVersion = 7.2.1;
					};
					50D22D051CFBD9B80090EE8E = {
						CreatedOnToolsVersion = 7.2.1;
						TestTargetID = 50D22CF11CFBD9B80090EE8E;
					};
					50D22D101CFBD9B80090EE8E = {
						CreatedOnToolsVersion = 7.2.1;
						TestTargetID = 50D22CF11CFBD9B80090EE8E;
					};
				};
			};
			buildConfigurationList = 50D22CED1CFBD9B80090EE8E /* Build configuration list for PBXProject "PizzaPhone" */;
			compatibilityVersion = "Xcode 3.2";
			developmentRegion = English;
			hasScannedForEncodings = 0;
			knownRegions = (
				en,
				Base,
			);
			mainGroup = 50D22CE91CFBD9B80090EE8E;
			productRefGroup = 50D22CF31CFBD9B80090EE8E /* Products */;
			projectDirPath = "";
			projectRoot = "";
			targets = (
				50D22CF11CFBD9B80090EE8E /* PizzaPhone */,
				50D22D051CFBD9B80090EE8E /* PizzaPhoneTests */,
				50D22D101CFBD9B80090EE8E /* PizzaPhoneUITests */,
			);
		};
/* End PBXProject section */

/* Begin PBXResourcesBuildPhase section */
		50D22CF01CFBD9B80090EE8E /* Resources */ = {
			isa = PBXResourcesBuildPhase;
			buildActionMask = 2147483647;
			files = (
				50D22D001CFBD9B80090EE8E /* LaunchScreen.storyboard in Resources */,
				50D22CFD1CFBD9B80090EE8E /* Assets.xcassets in Resources */,
				50D22CFB1CFBD9B80090EE8E /* Main.storyboard in Resources */,
			);
			runOnlyForDeploymentPostprocessing = 0;
		};
		50D22D041CFBD9B80090EE8E /* Resources */ = {
			isa = PBXResourcesBuildPhase;
			buildActionMask = 2147483647;
			files = (
			);
			runOnlyForDeploymentPostprocessing = 0;
		};
		50D22D0F1CFBD9B80090EE8E /* Resources */ = {
			isa = PBXResourcesBuildPhase;
			buildActionMask = 2147483647;
			files = (
			);
			runOnlyForDeploymentPostprocessing = 0;
		};
/* End PBXResourcesBuildPhase section */

/* Begin PBXSourcesBuildPhase section */
		50D22CEE1CFBD9B80090EE8E /* Sources */ = {
			isa = PBXSourcesBuildPhase;
			buildActionMask = 2147483647;
			files = (
				50D22CF81CFBD9B80090EE8E /* ViewController.swift in Sources */,
				50D22CF61CFBD9B80090EE8E /* AppDelegate.swift in Sources */,
			);
			runOnlyForDeploymentPostprocessing = 0;
		};
		50D22D021CFBD9B80090EE8E /* Sources */ = {
			isa = PBXSourcesBuildPhase;
			buildActionMask = 2147483647;
			files = (
				50D22D0B1CFBD9B80090EE8E /* PizzaPhoneTests.swift in Sources */,
			);
			runOnlyForDeploymentPostprocessing = 0;
		};
		50D22D0D1CFBD9B80090EE8E /* Sources */ = {
			isa = PBXSourcesBuildPhase;
			buildActionMask = 2147483647;
			files = (
				50D22D161CFBD9B80090EE8E /* PizzaPhoneUITests.swift in Sources */,
			);
			runOnlyForDeploymentPostprocessing = 0;
		};
/* End PBXSourcesBuildPhase section */

/* Begin PBXTargetDependency section */
		50D22D081CFBD9B80090EE8E /* PBXTargetDependency */ = {
			isa = PBXTargetDependency;
			target = 50D22CF11CFBD9B80090EE8E /* PizzaPhone */;
			targetProxy = 50D22D071CFBD9B80090EE8E /* PBXContainerItemProxy */;
		};
		50D22D131CFBD9B80090EE8E /* PBXTargetDependency */ = {
			isa = PBXTargetDependency;
			target = 50D22CF11CFBD9B80090EE8E /* PizzaPhone */;
			targetProxy = 50D22D121CFBD9B80090EE8E /* PBXContainerItemProxy */;
		};
/* End PBXTargetDependency section */

/* Begin PBXVariantGroup section */
		50D22CF91CFBD9B80090EE8E /* Main.storyboard */ = {
			isa = PBXVariantGroup;
			children = (
				50D22CFA1CFBD9B80090EE8E /* Base */,
			);
			name = Main.storyboard;
			sourceTree = "<group>";
		};
		50D22CFE1CFBD9B80090EE8E /* LaunchScreen.storyboard */ = {
			isa = PBXVariantGroup;
			children = (
				50D22CFF1CFBD9B80090EE8E /* Base */,
			);
			name = LaunchScreen.storyboard;
			sourceTree = "<group>";
		};
/* End PBXVariantGroup section */

/* Begin XCBuildConfiguration section */
		50D22D181CFBD9B80090EE8E /* Debug */ = {
			isa = XCBuildConfiguration;
			buildSettings = {
				ALWAYS_SEARCH_USER_PATHS = NO;
				CLANG_CXX_LANGUAGE_STANDARD = "gnu++0x";
				CLANG_CXX_LIBRARY = "libc++";
				CLANG_ENABLE_MODULES = YES;
				CLANG_ENABLE_OBJC_ARC = YES;
				CLANG_WARN_BOOL_CONVERSION = YES;
				CLANG_WARN_CONSTANT_CONVERSION = YES;
				CLANG_WARN_DIRECT_OBJC_ISA_USAGE = YES_ERROR;
				CLANG_WARN_EMPTY_BODY = YES;
				CLANG_WARN_ENUM_CONVERSION = YES;
				CLANG_WARN_INT_CONVERSION = YES;
				CLANG_WARN_OBJC_ROOT_CLASS = YES_ERROR;
				CLANG_WARN_UNREACHABLE_CODE = YES;
				CLANG_WARN__DUPLICATE_METHOD_MATCH = YES;
				"CODE_SIGN_IDENTITY[sdk=iphoneos*]" = "iPhone Developer";
				COPY_PHASE_STRIP = NO;
				DEBUG_INFORMATION_FORMAT = dwarf;
				ENABLE_STRICT_OBJC_MSGSEND = YES;
				ENABLE_TESTABILITY = YES;
				GCC_C_LANGUAGE_STANDARD = gnu99;
				GCC_DYNAMIC_NO_PIC = NO;
				GCC_NO_COMMON_BLOCKS = YES;
				GCC_OPTIMIZATION_LEVEL = 0;
				GCC_PREPROCESSOR_DEFINITIONS = (
					"DEBUG=1",
					"$(inherited)",
				);
				GCC_WARN_64_TO_32_BIT_CONVERSION = YES;
				GCC_WARN_ABOUT_RETURN_TYPE = YES_ERROR;
				GCC_WARN_UNDECLARED_SELECTOR = YES;
				GCC_WARN_UNINITIALIZED_AUTOS = YES_AGGRESSIVE;
				GCC_WARN_UNUSED_FUNCTION = YES;
				GCC_WARN_UNUSED_VARIABLE = YES;
				IPHONEOS_DEPLOYMENT_TARGET = 9.2;
				MTL_ENABLE_DEBUG_INFO = YES;
				ONLY_ACTIVE_ARCH = YES;
				SDKROOT = iphoneos;
				SWIFT_OPTIMIZATION_LEVEL = "-Onone";
				TARGETED_DEVICE_FAMILY = "1,2";
			};
			name = Debug;
		};
		50D22D191CFBD9B80090EE8E /* Release */ = {
			isa = XCBuildConfiguration;
			buildSettings = {
				ALWAYS_SEARCH_USER_PATHS = NO;
				CLANG_CXX_LANGUAGE_STANDARD = "gnu++0x";
				CLANG_CXX_LIBRARY = "libc++";
				CLANG_ENABLE_MODULES = YES;
				CLANG_ENABLE_OBJC_ARC = YES;
				CLANG_WARN_BOOL_CONVERSION = YES;
				CLANG_WARN_CONSTANT_CONVERSION = YES;
				CLANG_WARN_DIRECT_OBJC_ISA_USAGE = YES_ERROR;
				CLANG_WARN_EMPTY_BODY = YES;
				CLANG_WARN_ENUM_CONVERSION = YES;
				CLANG_WARN_INT_CONVERSION = YES;
				CLANG_WARN_OBJC_ROOT_CLASS = YES_ERROR;
				CLANG_WARN_UNREACHABLE_CODE = YES;
				CLANG_WARN__DUPLICATE_METHOD_MATCH = YES;
				"CODE_SIGN_IDENTITY[sdk=iphoneos*]" = "iPhone Developer";
				COPY_PHASE_STRIP = NO;
				DEBUG_INFORMATION_FORMAT = "dwarf-with-dsym";
				ENABLE_NS_ASSERTIONS = NO;
				ENABLE_STRICT_OBJC_MSGSEND = YES;
				GCC_C_LANGUAGE_STANDARD = gnu99;
				GCC_NO_COMMON_BLOCKS = YES;
				GCC_WARN_64_TO_32_BIT_CONVERSION = YES;
				GCC_WARN_ABOUT_RETURN_TYPE = YES_ERROR;
				GCC_WARN_UNDECLARED_SELECTOR = YES;
				GCC_WARN_UNINITIALIZED_AUTOS = YES_AGGRESSIVE;
				GCC_WARN_UNUSED_FUNCTION = YES;
				GCC_WARN_UNUSED_VARIABLE = YES;
				IPHONEOS_DEPLOYMENT_TARGET = 9.2;
				MTL_ENABLE_DEBUG_INFO = NO;
				SDKROOT = iphoneos;
				TARGETED_DEVICE_FAMILY = "1,2";
				VALIDATE_PRODUCT = YES;
			};
			name = Release;
		};
		50D22D1B1CFBD9B80090EE8E /* Debug */ = {
			isa = XCBuildConfiguration;
			buildSettings = {
				ASSETCATALOG_COMPILER_APPICON_NAME = AppIcon;
				INFOPLIST_FILE = PizzaPhone/Info.plist;
				LD_RUNPATH_SEARCH_PATHS = "$(inherited) @executable_path/Frameworks";
				PRODUCT_BUNDLE_IDENTIFIER = adm.PizzaPhone;
				PRODUCT_NAME = "$(TARGET_NAME)";
			};
			name = Debug;
		};
		50D22D1C1CFBD9B80090EE8E /* Release */ = {
			isa = XCBuildConfiguration;
			buildSettings = {
				ASSETCATALOG_COMPILER_APPICON_NAME = AppIcon;
				INFOPLIST_FILE = PizzaPhone/Info.plist;
				LD_RUNPATH_SEARCH_PATHS = "$(inherited) @executable_path/Frameworks";
				PRODUCT_BUNDLE_IDENTIFIER = adm.PizzaPhone;
				PRODUCT_NAME = "$(TARGET_NAME)";
			};
			name = Release;
		};
		50D22D1E1CFBD9B80090EE8E /* Debug */ = {
			isa = XCBuildConfiguration;
			buildSettings = {
				BUNDLE_LOADER = "$(TEST_HOST)";
				INFOPLIST_FILE = PizzaPhoneTests/Info.plist;
				LD_RUNPATH_SEARCH_PATHS = "$(inherited) @executable_path/Frameworks @loader_path/Frameworks";
				PRODUCT_BUNDLE_IDENTIFIER = adm.PizzaPhoneTests;
				PRODUCT_NAME = "$(TARGET_NAME)";
				TEST_HOST = "$(BUILT_PRODUCTS_DIR)/PizzaPhone.app/PizzaPhone";
			};
			name = Debug;
		};
		50D22D1F1CFBD9B80090EE8E /* Release */ = {
			isa = XCBuildConfiguration;
			buildSettings = {
				BUNDLE_LOADER = "$(TEST_HOST)";
				INFOPLIST_FILE = PizzaPhoneTests/Info.plist;
				LD_RUNPATH_SEARCH_PATHS = "$(inherited) @executable_path/Frameworks @loader_path/Frameworks";
				PRODUCT_BUNDLE_IDENTIFIER = adm.PizzaPhoneTests;
				PRODUCT_NAME = "$(TARGET_NAME)";
				TEST_HOST = "$(BUILT_PRODUCTS_DIR)/PizzaPhone.app/PizzaPhone";
			};
			name = Release;
		};
		50D22D211CFBD9B80090EE8E /* Debug */ = {
			isa = XCBuildConfiguration;
			buildSettings = {
				INFOPLIST_FILE = PizzaPhoneUITests/Info.plist;
				LD_RUNPATH_SEARCH_PATHS = "$(inherited) @executable_path/Frameworks @loader_path/Frameworks";
				PRODUCT_BUNDLE_IDENTIFIER = adm.PizzaPhoneUITests;
				PRODUCT_NAME = "$(TARGET_NAME)";
				TEST_TARGET_NAME = PizzaPhone;
				USES_XCTRUNNER = YES;
			};
			name = Debug;
		};
		50D22D221CFBD9B80090EE8E /* Release */ = {
			isa = XCBuildConfiguration;
			buildSettings = {
				INFOPLIST_FILE = PizzaPhoneUITests/Info.plist;
				LD_RUNPATH_SEARCH_PATHS = "$(inherited) @executable_path/Frameworks @loader_path/Frameworks";
				PRODUCT_BUNDLE_IDENTIFIER = adm.PizzaPhoneUITests;
				PRODUCT_NAME = "$(TARGET_NAME)";
				TEST_TARGET_NAME = PizzaPhone;
				USES_XCTRUNNER = YES;
			};
			name = Release;
		};
/* End XCBuildConfiguration section */

/* Begin XCConfigurationList section */
		50D22CED1CFBD9B80090EE8E /* Build configuration list for PBXProject "PizzaPhone" */ = {
			isa = XCConfigurationList;
			buildConfigurations = (
				50D22D181CFBD9B80090EE8E /* Debug */,
				50D22D191CFBD9B80090EE8E /* Release */,
			);
			defaultConfigurationIsVisible = 0;
			defaultConfigurationName = Release;
		};
		50D22D1A1CFBD9B80090EE8E /* Build configuration list for PBXNativeTarget "PizzaPhone" */ = {
			isa = XCConfigurationList;
			buildConfigurations = (
				50D22D1B1CFBD9B80090EE8E /* Debug */,
				50D22D1C1CFBD9B80090EE8E /* Release */,
			);
			defaultConfigurationIsVisible = 0;
		};
		50D22D1D1CFBD9B80090EE8E /* Build configuration list for PBXNativeTarget "PizzaPhoneTests" */ = {
			isa = XCConfigurationList;
			buildConfigurations = (
				50D22D1E1CFBD9B80090EE8E /* Debug */,
				50D22D1F1CFBD9B80090EE8E /* Release */,
			);
			defaultConfigurationIsVisible = 0;
		};
		50D22D201CFBD9B80090EE8E /* Build configuration list for PBXNativeTarget "PizzaPhoneUITests" */ = {
			isa = XCConfigurationList;
			buildConfigurations = (
				50D22D211CFBD9B80090EE8E /* Debug */,
				50D22D221CFBD9B80090EE8E /* Release */,
			);
			defaultConfigurationIsVisible = 0;
		};
/* End XCConfigurationList section */
	};
	rootObject = 50D22CEA1CFBD9B80090EE8E /* Project object */;
}
